
Microsoft Visual Studio Solution File, Format Version 12.00
Project("{FAE04EC0-301F-11D3-BF4B-00C04F79EFBC}") = "Lab16_Misyuro.Kirill_Swagger", "Lab16_Misyuro.Kirill_Swagger\Lab16_Misyuro.Kirill_Swagger.csproj", "{30D53B4A-D92B-4ABE-970E-FFF6D7E56BC7}"
EndProject
Project("{FAE04EC0-301F-11D3-BF4B-00C04F79EFBC}") = "GetTop250IMDB", "GetTop250IMDB\GetTop250IMDB.csproj", "{1C5F15A6-83B3-4A7D-8BAD-E13D9BCF2AD3}"
EndProject
Project("{FAE04EC0-301F-11D3-BF4B-00C04F79EFBC}") = "TestProject1", "TestProject1\TestProject1.csproj", "{59CA08E3-2B24-4C20-8D39-C4053AF77465}"
EndProject
Global
	GlobalSection(SolutionConfigurationPlatforms) = preSolution
		Debug|Any CPU = Debug|Any CPU
		Release|Any CPU = Release|Any CPU
	EndGlobalSection
	GlobalSection(ProjectConfigurationPlatforms) = postSolution
		{30D53B4A-D92B-4ABE-970E-FFF6D7E56BC7}.Debug|Any CPU.ActiveCfg = Debug|Any CPU
		{30D53B4A-D92B-4ABE-970E-FFF6D7E56BC7}.Debug|Any CPU.Build.0 = Debug|Any CPU
		{30D53B4A-D92B-4ABE-970E-FFF6D7E56BC7}.Release|Any CPU.ActiveCfg = Release|Any CPU
		{30D53B4A-D92B-4ABE-970E-FFF6D7E56BC7}.Release|Any CPU.Build.0 = Release|Any CPU
		{1C5F15A6-83B3-4A7D-8BAD-E13D9BCF2AD3}.Debug|Any CPU.ActiveCfg = Debug|Any CPU
		{1C5F15A6-83B3-4A7D-8BAD-E13D9BCF2AD3}.Debug|Any CPU.Build.0 = Debug|Any CPU
		{1C5F15A6-83B3-4A7D-8BAD-E13D9BCF2AD3}.Release|Any CPU.ActiveCfg = Release|Any CPU
		{1C5F15A6-83B3-4A7D-8BAD-E13D9BCF2AD3}.Release|Any CPU.Build.0 = Release|Any CPU
		{59CA08E3-2B24-4C20-8D39-C4053AF77465}.Debug|Any CPU.ActiveCfg = Debug|Any CPU
		{59CA08E3-2B24-4C20-8D39-C4053AF77465}.Debug|Any CPU.Build.0 = Debug|Any CPU
		{59CA08E3-2B24-4C20-8D39-C4053AF77465}.Release|Any CPU.ActiveCfg = Release|Any CPU
		{59CA08E3-2B24-4C20-8D39-C4053AF77465}.Release|Any CPU.Build.0 = Release|Any CPU
	EndGlobalSection
EndGlobal
